
Microsoft Visual Studio Solution File, Format Version 12.00
# Visual Studio 15
VisualStudioVersion = 15.0.28010.2050
MinimumVisualStudioVersion = 10.0.40219.1
Project("{FAE04EC0-301F-11D3-BF4B-00C04F79EFBC}") = "Pic2TextKeyboard.Android", "Pic2TextKeyboard\Pic2TextKeyboard.Android\Pic2TextKeyboard.Android.csproj", "{477F623C-25AF-424C-B558-560F154C6C48}"
EndProject
Project("{FAE04EC0-301F-11D3-BF4B-00C04F79EFBC}") = "Pic2TextKeyboard.iOS", "Pic2TextKeyboard\Pic2TextKeyboard.iOS\Pic2TextKeyboard.iOS.csproj", "{1E3A825D-D89D-4AC1-B965-3A4F0CF53203}"
EndProject
Project("{FAE04EC0-301F-11D3-BF4B-00C04F79EFBC}") = "Pic2TextKeyboard", "Pic2TextKeyboard\Pic2TextKeyboard\Pic2TextKeyboard.csproj", "{235ADCBC-696E-4B48-8D1E-5B55A2EC783B}"
EndProject
Global
	GlobalSection(SolutionConfigurationPlatforms) = preSolution
		Ad-Hoc|Any CPU = Ad-Hoc|Any CPU
		Ad-Hoc|iPhone = Ad-Hoc|iPhone
		Ad-Hoc|iPhoneSimulator = Ad-Hoc|iPhoneSimulator
		AppStore|Any CPU = AppStore|Any CPU
		AppStore|iPhone = AppStore|iPhone
		AppStore|iPhoneSimulator = AppStore|iPhoneSimulator
		Debug|Any CPU = Debug|Any CPU
		Debug|iPhone = Debug|iPhone
		Debug|iPhoneSimulator = Debug|iPhoneSimulator
		Release|Any CPU = Release|Any CPU
		Release|iPhone = Release|iPhone
		Release|iPhoneSimulator = Release|iPhoneSimulator
	EndGlobalSection
	GlobalSection(ProjectConfigurationPlatforms) = postSolution
		{477F623C-25AF-424C-B558-560F154C6C48}.Ad-Hoc|Any CPU.ActiveCfg = Release|Any CPU
		{477F623C-25AF-424C-B558-560F154C6C48}.Ad-Hoc|Any CPU.Build.0 = Release|Any CPU
		{477F623C-25AF-424C-B558-560F154C6C48}.Ad-Hoc|Any CPU.Deploy.0 = Release|Any CPU
		{477F623C-25AF-424C-B558-560F154C6C48}.Ad-Hoc|iPhone.ActiveCfg = Release|Any CPU
		{477F623C-25AF-424C-B558-560F154C6C48}.Ad-Hoc|iPhone.Build.0 = Release|Any CPU
		{477F623C-25AF-424C-B558-560F154C6C48}.Ad-Hoc|iPhone.Deploy.0 = Release|Any CPU
		{477F623C-25AF-424C-B558-560F154C6C48}.Ad-Hoc|iPhoneSimulator.ActiveCfg = Release|Any CPU
		{477F623C-25AF-424C-B558-560F154C6C48}.Ad-Hoc|iPhoneSimulator.Build.0 = Release|Any CPU
		{477F623C-25AF-424C-B558-560F154C6C48}.Ad-Hoc|iPhoneSimulator.Deploy.0 = Release|Any CPU
		{477F623C-25AF-424C-B558-560F154C6C48}.AppStore|Any CPU.ActiveCfg = Release|Any CPU
		{477F623C-25AF-424C-B558-560F154C6C48}.AppStore|Any CPU.Build.0 = Release|Any CPU
		{477F623C-25AF-424C-B558-560F154C6C48}.AppStore|Any CPU.Deploy.0 = Release|Any CPU
		{477F623C-25AF-424C-B558-560F154C6C48}.AppStore|iPhone.ActiveCfg = Release|Any CPU
		{477F623C-25AF-424C-B558-560F154C6C48}.AppStore|iPhone.Build.0 = Release|Any CPU
		{477F623C-25AF-424C-B558-560F154C6C48}.AppStore|iPhone.Deploy.0 = Release|Any CPU
		{477F623C-25AF-424C-B558-560F154C6C48}.AppStore|iPhoneSimulator.ActiveCfg = Release|Any CPU
		{477F623C-25AF-424C-B558-560F154C6C48}.AppStore|iPhoneSimulator.Build.0 = Release|Any CPU
		{477F623C-25AF-424C-B558-560F154C6C48}.AppStore|iPhoneSimulator.Deploy.0 = Release|Any CPU
		{477F623C-25AF-424C-B558-560F154C6C48}.Debug|Any CPU.ActiveCfg = Debug|Any CPU
		{477F623C-25AF-424C-B558-560F154C6C48}.Debug|Any CPU.Build.0 = Debug|Any CPU
		{477F623C-25AF-424C-B558-560F154C6C48}.Debug|Any CPU.Deploy.0 = Debug|Any CPU
		{477F623C-25AF-424C-B558-560F154C6C48}.Debug|iPhone.ActiveCfg = Debug|Any CPU
		{477F623C-25AF-424C-B558-560F154C6C48}.Debug|iPhone.Build.0 = Debug|Any CPU
		{477F623C-25AF-424C-B558-560F154C6C48}.Debug|iPhone.Deploy.0 = Debug|Any CPU
		{477F623C-25AF-424C-B558-560F154C6C48}.Debug|iPhoneSimulator.ActiveCfg = Debug|Any CPU
		{477F623C-25AF-424C-B558-560F154C6C48}.Debug|iPhoneSimulator.Build.0 = Debug|Any CPU
		{477F623C-25AF-424C-B558-560F154C6C48}.Debug|iPhoneSimulator.Deploy.0 = Debug|Any CPU
		{477F623C-25AF-424C-B558-560F154C6C48}.Release|Any CPU.ActiveCfg = Release|Any CPU
		{477F623C-25AF-424C-B558-560F154C6C48}.Release|Any CPU.Build.0 = Release|Any CPU
		{477F623C-25AF-424C-B558-560F154C6C48}.Release|Any CPU.Deploy.0 = Release|Any CPU
		{477F623C-25AF-424C-B558-560F154C6C48}.Release|iPhone.ActiveCfg = Release|Any CPU
		{477F623C-25AF-424C-B558-560F154C6C48}.Release|iPhone.Build.0 = Release|Any CPU
		{477F623C-25AF-424C-B558-560F154C6C48}.Release|iPhone.Deploy.0 = Release|Any CPU
		{477F623C-25AF-424C-B558-560F154C6C48}.Release|iPhoneSimulator.ActiveCfg = Release|Any CPU
		{477F623C-25AF-424C-B558-560F154C6C48}.Release|iPhoneSimulator.Build.0 = Release|Any CPU
		{477F623C-25AF-424C-B558-560F154C6C48}.Release|iPhoneSimulator.Deploy.0 = Release|Any CPU
		{1E3A825D-D89D-4AC1-B965-3A4F0CF53203}.Ad-Hoc|Any CPU.ActiveCfg = Ad-Hoc|iPhone
		{1E3A825D-D89D-4AC1-B965-3A4F0CF53203}.Ad-Hoc|Any CPU.Build.0 = Ad-Hoc|iPhone
		{1E3A825D-D89D-4AC1-B965-3A4F0CF53203}.Ad-Hoc|Any CPU.Deploy.0 = Ad-Hoc|iPhone
		{1E3A825D-D89D-4AC1-B965-3A4F0CF53203}.Ad-Hoc|iPhone.ActiveCfg = Ad-Hoc|iPhone
		{1E3A825D-D89D-4AC1-B965-3A4F0CF53203}.Ad-Hoc|iPhone.Build.0 = Ad-Hoc|iPhone
		{1E3A825D-D89D-4AC1-B965-3A4F0CF53203}.Ad-Hoc|iPhone.Deploy.0 = Ad-Hoc|iPhone
		{1E3A825D-D89D-4AC1-B965-3A4F0CF53203}.Ad-Hoc|iPhoneSimulator.ActiveCfg = Ad-Hoc|iPhoneSimulator
		{1E3A825D-D89D-4AC1-B965-3A4F0CF53203}.Ad-Hoc|iPhoneSimulator.Build.0 = Ad-Hoc|iPhoneSimulator
		{1E3A825D-D89D-4AC1-B965-3A4F0CF53203}.Ad-Hoc|iPhoneSimulator.Deploy.0 = Ad-Hoc|iPhoneSimulator
		{1E3A825D-D89D-4AC1-B965-3A4F0CF53203}.AppStore|Any CPU.ActiveCfg = AppStore|iPhone
		{1E3A825D-D89D-4AC1-B965-3A4F0CF53203}.AppStore|Any CPU.Build.0 = AppStore|iPhone
		{1E3A825D-D89D-4AC1-B965-3A4F0CF53203}.AppStore|Any CPU.Deploy.0 = AppStore|iPhone
		{1E3A825D-D89D-4AC1-B965-3A4F0CF53203}.AppStore|iPhone.ActiveCfg = AppStore|iPhone
		{1E3A825D-D89D-4AC1-B965-3A4F0CF53203}.AppStore|iPhone.Build.0 = AppStore|iPhone
		{1E3A825D-D89D-4AC1-B965-3A4F0CF53203}.AppStore|iPhone.Deploy.0 = AppStore|iPhone
		{1E3A825D-D89D-4AC1-B965-3A4F0CF53203}.AppStore|iPhoneSimulator.ActiveCfg = AppStore|iPhoneSimulator
		{1E3A825D-D89D-4AC1-B965-3A4F0CF53203}.AppStore|iPhoneSimulator.Build.0 = AppStore|iPhoneSimulator
		{1E3A825D-D89D-4AC1-B965-3A4F0CF53203}.AppStore|iPhoneSimulator.Deploy.0 = AppStore|iPhoneSimulator
		{1E3A825D-D89D-4AC1-B965-3A4F0CF53203}.Debug|Any CPU.ActiveCfg = Debug|iPhoneSimulator
		{1E3A825D-D89D-4AC1-B965-3A4F0CF53203}.Debug|Any CPU.Build.0 = Debug|iPhoneSimulator
		{1E3A825D-D89D-4AC1-B965-3A4F0CF53203}.Debug|Any CPU.Deploy.0 = Debug|iPhoneSimulator
		{1E3A825D-D89D-4AC1-B965-3A4F0CF53203}.Debug|iPhone.ActiveCfg = Debug|iPhone
		{1E3A825D-D89D-4AC1-B965-3A4F0CF53203}.Debug|iPhone.Build.0 = Debug|iPhone
		{1E3A825D-D89D-4AC1-B965-3A4F0CF53203}.Debug|iPhone.Deploy.0 = Debug|iPhone
		{1E3A825D-D89D-4AC1-B965-3A4F0CF53203}.Debug|iPhoneSimulator.ActiveCfg = Debug|iPhoneSimulator
		{1E3A825D-D89D-4AC1-B965-3A4F0CF53203}.Debug|iPhoneSimulator.Build.0 = Debug|iPhoneSimulator
		{1E3A825D-D89D-4AC1-B965-3A4F0CF53203}.Debug|iPhoneSimulator.Deploy.0 = Debug|iPhoneSimulator
		{1E3A825D-D89D-4AC1-B965-3A4F0CF53203}.Release|Any CPU.ActiveCfg = Release|iPhone
		{1E3A825D-D89D-4AC1-B965-3A4F0CF53203}.Release|Any CPU.Build.0 = Release|iPhone
		{1E3A825D-D89D-4AC1-B965-3A4F0CF53203}.Release|Any CPU.Deploy.0 = Release|iPhone
		{1E3A825D-D89D-4AC1-B965-3A4F0CF53203}.Release|iPhone.ActiveCfg = Release|iPhone
		{1E3A825D-D89D-4AC1-B965-3A4F0CF53203}.Release|iPhone.Build.0 = Release|iPhone
		{1E3A825D-D89D-4AC1-B965-3A4F0CF53203}.Release|iPhone.Deploy.0 = Release|iPhone
		{1E3A825D-D89D-4AC1-B965-3A4F0CF53203}.Release|iPhoneSimulator.ActiveCfg = Release|iPhoneSimulator
		{1E3A825D-D89D-4AC1-B965-3A4F0CF53203}.Release|iPhoneSimulator.Build.0 = Release|iPhoneSimulator
		{1E3A825D-D89D-4AC1-B965-3A4F0CF53203}.Release|iPhoneSimulator.Deploy.0 = Release|iPhoneSimulator
		{235ADCBC-696E-4B48-8D1E-5B55A2EC783B}.Ad-Hoc|Any CPU.ActiveCfg = Debug|Any CPU
		{235ADCBC-696E-4B48-8D1E-5B55A2EC783B}.Ad-Hoc|Any CPU.Build.0 = Debug|Any CPU
		{235ADCBC-696E-4B48-8D1E-5B55A2EC783B}.Ad-Hoc|Any CPU.Deploy.0 = Debug|Any CPU
		{235ADCBC-696E-4B48-8D1E-5B55A2EC783B}.Ad-Hoc|iPhone.ActiveCfg = Debug|Any CPU
		{235ADCBC-696E-4B48-8D1E-5B55A2EC783B}.Ad-Hoc|iPhone.Build.0 = Debug|Any CPU
		{235ADCBC-696E-4B48-8D1E-5B55A2EC783B}.Ad-Hoc|iPhone.Deploy.0 = Debug|Any CPU
		{235ADCBC-696E-4B48-8D1E-5B55A2EC783B}.Ad-Hoc|iPhoneSimulator.ActiveCfg = Debug|Any CPU
		{235ADCBC-696E-4B48-8D1E-5B55A2EC783B}.Ad-Hoc|iPhoneSimulator.Build.0 = Debug|Any CPU
		{235ADCBC-696E-4B48-8D1E-5B55A2EC783B}.Ad-Hoc|iPhoneSimulator.Deploy.0 = Debug|Any CPU
		{235ADCBC-696E-4B48-8D1E-5B55A2EC783B}.AppStore|Any CPU.ActiveCfg = Debug|Any CPU
		{235ADCBC-696E-4B48-8D1E-5B55A2EC783B}.AppStore|Any CPU.Build.0 = Debug|Any CPU
		{235ADCBC-696E-4B48-8D1E-5B55A2EC783B}.AppStore|Any CPU.Deploy.0 = Debug|Any CPU
		{235ADCBC-696E-4B48-8D1E-5B55A2EC783B}.AppStore|iPhone.ActiveCfg = Debug|Any CPU
		{235ADCBC-696E-4B48-8D1E-5B55A2EC783B}.AppStore|iPhone.Build.0 = Debug|Any CPU
		{235ADCBC-696E-4B48-8D1E-5B55A2EC783B}.AppStore|iPhone.Deploy.0 = Debug|Any CPU
		{235ADCBC-696E-4B48-8D1E-5B55A2EC783B}.AppStore|iPhoneSimulator.ActiveCfg = Debug|Any CPU
		{235ADCBC-696E-4B48-8D1E-5B55A2EC783B}.AppStore|iPhoneSimulator.Build.0 = Debug|Any CPU
		{235ADCBC-696E-4B48-8D1E-5B55A2EC783B}.AppStore|iPhoneSimulator.Deploy.0 = Debug|Any CPU
		{235ADCBC-696E-4B48-8D1E-5B55A2EC783B}.Debug|Any CPU.ActiveCfg = Debug|Any CPU
		{235ADCBC-696E-4B48-8D1E-5B55A2EC783B}.Debug|Any CPU.Build.0 = Debug|Any CPU
		{235ADCBC-696E-4B48-8D1E-5B55A2EC783B}.Debug|Any CPU.Deploy.0 = Debug|Any CPU
		{235ADCBC-696E-4B48-8D1E-5B55A2EC783B}.Debug|iPhone.ActiveCfg = Debug|Any CPU
		{235ADCBC-696E-4B48-8D1E-5B55A2EC783B}.Debug|iPhone.Build.0 = Debug|Any CPU
		{235ADCBC-696E-4B48-8D1E-5B55A2EC783B}.Debug|iPhone.Deploy.0 = Debug|Any CPU
		{235ADCBC-696E-4B48-8D1E-5B55A2EC783B}.Debug|iPhoneSimulator.ActiveCfg = Debug|Any CPU
		{235ADCBC-696E-4B48-8D1E-5B55A2EC783B}.Debug|iPhoneSimulator.Build.0 = Debug|Any CPU
		{235ADCBC-696E-4B48-8D1E-5B55A2EC783B}.Debug|iPhoneSimulator.Deploy.0 = Debug|Any CPU
		{235ADCBC-696E-4B48-8D1E-5B55A2EC783B}.Release|Any CPU.ActiveCfg = Release|Any CPU
		{235ADCBC-696E-4B48-8D1E-5B55A2EC783B}.Release|Any CPU.Build.0 = Release|Any CPU
		{235ADCBC-696E-4B48-8D1E-5B55A2EC783B}.Release|Any CPU.Deploy.0 = Release|Any CPU
		{235ADCBC-696E-4B48-8D1E-5B55A2EC783B}.Release|iPhone.ActiveCfg = Release|Any CPU
		{235ADCBC-696E-4B48-8D1E-5B55A2EC783B}.Release|iPhone.Build.0 = Release|Any CPU
		{235ADCBC-696E-4B48-8D1E-5B55A2EC783B}.Release|iPhone.Deploy.0 = Release|Any CPU
		{235ADCBC-696E-4B48-8D1E-5B55A2EC783B}.Release|iPhoneSimulator.ActiveCfg = Release|Any CPU
		{235ADCBC-696E-4B48-8D1E-5B55A2EC783B}.Release|iPhoneSimulator.Build.0 = Release|Any CPU
		{235ADCBC-696E-4B48-8D1E-5B55A2EC783B}.Release|iPhoneSimulator.Deploy.0 = Release|Any CPU
	EndGlobalSection
	GlobalSection(SolutionProperties) = preSolution
		HideSolutionNode = FALSE
	EndGlobalSection
	GlobalSection(ExtensibilityGlobals) = postSolution
		SolutionGuid = {E95D7B3D-55D3-4CE9-A461-E3351A6C50B3}
	EndGlobalSection
EndGlobal
